// !$*UTF8*$!
{
	archiveVersion = 1;
	classes = {
	};
	objectVersion = 50;
	objects = {

/* Begin PBXBuildFile section */
		1856CA6026C72D9F00CEBA26 /* AvailableCoursesTableViewController.swift in Sources */ = {isa = PBXBuildFile; fileRef = 1856CA5F26C72D9F00CEBA26 /* AvailableCoursesTableViewController.swift */; };
		185AF8DF269A484C00F82D6E /* AppDelegate.swift in Sources */ = {isa = PBXBuildFile; fileRef = 185AF8DE269A484C00F82D6E /* AppDelegate.swift */; };
		185AF8E1269A484C00F82D6E /* SceneDelegate.swift in Sources */ = {isa = PBXBuildFile; fileRef = 185AF8E0269A484C00F82D6E /* SceneDelegate.swift */; };
		185AF8E3269A484C00F82D6E /* ViewController.swift in Sources */ = {isa = PBXBuildFile; fileRef = 185AF8E2269A484C00F82D6E /* ViewController.swift */; };
		185AF8E6269A484C00F82D6E /* Main.storyboard in Resources */ = {isa = PBXBuildFile; fileRef = 185AF8E4269A484C00F82D6E /* Main.storyboard */; };
		185AF8E8269A485000F82D6E /* Assets.xcassets in Resources */ = {isa = PBXBuildFile; fileRef = 185AF8E7269A485000F82D6E /* Assets.xcassets */; };
		185AF8EB269A485000F82D6E /* LaunchScreen.storyboard in Resources */ = {isa = PBXBuildFile; fileRef = 185AF8E9269A485000F82D6E /* LaunchScreen.storyboard */; };
		187D53BE26BC79D50019083B /* adminlogin.swift in Sources */ = {isa = PBXBuildFile; fileRef = 187D53BD26BC79D50019083B /* adminlogin.swift */; };
		187D53C026BC79F70019083B /* AdminLoginViewController.swift in Sources */ = {isa = PBXBuildFile; fileRef = 187D53BF26BC79F70019083B /* AdminLoginViewController.swift */; };
		187D53C226BC7C690019083B /* AdminHomeViewController.swift in Sources */ = {isa = PBXBuildFile; fileRef = 187D53C126BC7C690019083B /* AdminHomeViewController.swift */; };
		187D53C426BC7FCF0019083B /* studentlogin.swift in Sources */ = {isa = PBXBuildFile; fileRef = 187D53C326BC7FCF0019083B /* studentlogin.swift */; };
		187D53C626BC7FFD0019083B /* StudentLoginViewController.swift in Sources */ = {isa = PBXBuildFile; fileRef = 187D53C526BC7FFD0019083B /* StudentLoginViewController.swift */; };
		187D53C826BC80120019083B /* StudentHomeViewController.swift in Sources */ = {isa = PBXBuildFile; fileRef = 187D53C726BC80120019083B /* StudentHomeViewController.swift */; };
		18B5F9E626C487A100DC989A /* CourseTableViewController.swift in Sources */ = {isa = PBXBuildFile; fileRef = 18B5F9E526C487A100DC989A /* CourseTableViewController.swift */; };
		18B5F9E826C487BE00DC989A /* AddCourseViewController.swift in Sources */ = {isa = PBXBuildFile; fileRef = 18B5F9E726C487BE00DC989A /* AddCourseViewController.swift */; };
		18B5F9EA26C488A000DC989A /* Course.swift in Sources */ = {isa = PBXBuildFile; fileRef = 18B5F9E926C488A000DC989A /* Course.swift */; };
		18B5F9EC26C488AF00DC989A /* CourseList.swift in Sources */ = {isa = PBXBuildFile; fileRef = 18B5F9EB26C488AF00DC989A /* CourseList.swift */; };
/* End PBXBuildFile section */

/* Begin PBXFileReference section */
		1856CA5F26C72D9F00CEBA26 /* AvailableCoursesTableViewController.swift */ = {isa = PBXFileReference; lastKnownFileType = sourcecode.swift; path = AvailableCoursesTableViewController.swift; sourceTree = "<group>"; };
		185AF8DB269A484C00F82D6E /* HarpreetCambrianCoursesIosApp.app */ = {isa = PBXFileReference; explicitFileType = wrapper.application; includeInIndex = 0; path = HarpreetCambrianCoursesIosApp.app; sourceTree = BUILT_PRODUCTS_DIR; };
		185AF8DE269A484C00F82D6E /* AppDelegate.swift */ = {isa = PBXFileReference; lastKnownFileType = sourcecode.swift; path = AppDelegate.swift; sourceTree = "<group>"; };
		185AF8E0269A484C00F82D6E /* SceneDelegate.swift */ = {isa = PBXFileReference; lastKnownFileType = sourcecode.swift; path = SceneDelegate.swift; sourceTree = "<group>"; };
		185AF8E2269A484C00F82D6E /* ViewController.swift */ = {isa = PBXFileReference; lastKnownFileType = sourcecode.swift; path = ViewController.swift; sourceTree = "<group>"; };
		185AF8E5269A484C00F82D6E /* Base */ = {isa = PBXFileReference; lastKnownFileType = file.storyboard; name = Base; path = Base.lproj/Main.storyboard; sourceTree = "<group>"; };
		185AF8E7269A485000F82D6E /* Assets.xcassets */ = {isa = PBXFileReference; lastKnownFileType = folder.assetcatalog; path = Assets.xcassets; sourceTree = "<group>"; };
		185AF8EA269A485000F82D6E /* Base */ = {isa = PBXFileReference; lastKnownFileType = file.storyboard; name = Base; path = Base.lproj/LaunchScreen.storyboard; sourceTree = "<group>"; };
		185AF8EC269A485000F82D6E /* Info.plist */ = {isa = PBXFileReference; lastKnownFileType = text.plist.xml; path = Info.plist; sourceTree = "<group>"; };
		187D53BD26BC79D50019083B /* adminlogin.swift */ = {isa = PBXFileReference; lastKnownFileType = sourcecode.swift; path = adminlogin.swift; sourceTree = "<group>"; };
		187D53BF26BC79F70019083B /* AdminLoginViewController.swift */ = {isa = PBXFileReference; lastKnownFileType = sourcecode.swift; path = AdminLoginViewController.swift; sourceTree = "<group>"; };
		187D53C126BC7C690019083B /* AdminHomeViewController.swift */ = {isa = PBXFileReference; lastKnownFileType = sourcecode.swift; path = AdminHomeViewController.swift; sourceTree = "<group>"; };
		187D53C326BC7FCF0019083B /* studentlogin.swift */ = {isa = PBXFileReference; lastKnownFileType = sourcecode.swift; path = studentlogin.swift; sourceTree = "<group>"; };
		187D53C526BC7FFD0019083B /* StudentLoginViewController.swift */ = {isa = PBXFileReference; lastKnownFileType = sourcecode.swift; path = StudentLoginViewController.swift; sourceTree = "<group>"; };
		187D53C726BC80120019083B /* StudentHomeViewController.swift */ = {isa = PBXFileReference; lastKnownFileType = sourcecode.swift; path = StudentHomeViewController.swift; sourceTree = "<group>"; };
		18B5F9E526C487A100DC989A /* CourseTableViewController.swift */ = {isa = PBXFileReference; lastKnownFileType = sourcecode.swift; path = CourseTableViewController.swift; sourceTree = "<group>"; };
		18B5F9E726C487BE00DC989A /* AddCourseViewController.swift */ = {isa = PBXFileReference; lastKnownFileType = sourcecode.swift; path = AddCourseViewController.swift; sourceTree = "<group>"; };
		18B5F9E926C488A000DC989A /* Course.swift */ = {isa = PBXFileReference; lastKnownFileType = sourcecode.swift; path = Course.swift; sourceTree = "<group>"; };
		18B5F9EB26C488AF00DC989A /* CourseList.swift */ = {isa = PBXFileReference; lastKnownFileType = sourcecode.swift; path = CourseList.swift; sourceTree = "<group>"; };
/* End PBXFileReference section */

/* Begin PBXFrameworksBuildPhase section */
		185AF8D8269A484C00F82D6E /* Frameworks */ = {
			isa = PBXFrameworksBuildPhase;
			buildActionMask = 2147483647;
			files = (
			);
			runOnlyForDeploymentPostprocessing = 0;
		};
/* End PBXFrameworksBuildPhase section */

/* Begin PBXGroup section */
		185AF8D2269A484C00F82D6E = {
			isa = PBXGroup;
			children = (
				185AF8DD269A484C00F82D6E /* HarpreetCambrianCoursesIosApp */,
				185AF8DC269A484C00F82D6E /* Products */,
			);
			sourceTree = "<group>";
		};
		185AF8DC269A484C00F82D6E /* Products */ = {
			isa = PBXGroup;
			children = (
				185AF8DB269A484C00F82D6E /* HarpreetCambrianCoursesIosApp.app */,
			);
			name = Products;
			sourceTree = "<group>";
		};
		185AF8DD269A484C00F82D6E /* HarpreetCambrianCoursesIosApp */ = {
			isa = PBXGroup;
			children = (
				185AF8DE269A484C00F82D6E /* AppDelegate.swift */,
				185AF8E0269A484C00F82D6E /* SceneDelegate.swift */,
				185AF8E2269A484C00F82D6E /* ViewController.swift */,
				187D53C726BC80120019083B /* StudentHomeViewController.swift */,
				187D53C526BC7FFD0019083B /* StudentLoginViewController.swift */,
				187D53C326BC7FCF0019083B /* studentlogin.swift */,
				187D53C126BC7C690019083B /* AdminHomeViewController.swift */,
				187D53BF26BC79F70019083B /* AdminLoginViewController.swift */,
				187D53BD26BC79D50019083B /* adminlogin.swift */,
				185AF8E4269A484C00F82D6E /* Main.storyboard */,
				185AF8E7269A485000F82D6E /* Assets.xcassets */,
				185AF8E9269A485000F82D6E /* LaunchScreen.storyboard */,
				185AF8EC269A485000F82D6E /* Info.plist */,
				18B5F9E526C487A100DC989A /* CourseTableViewController.swift */,
				18B5F9E726C487BE00DC989A /* AddCourseViewController.swift */,
				18B5F9E926C488A000DC989A /* Course.swift */,
				18B5F9EB26C488AF00DC989A /* CourseList.swift */,
				1856CA5F26C72D9F00CEBA26 /* AvailableCoursesTableViewController.swift */,
			);
			path = HarpreetCambrianCoursesIosApp;
			sourceTree = "<group>";
		};
/* End PBXGroup section */

/* Begin PBXNativeTarget section */
		185AF8DA269A484C00F82D6E /* HarpreetCambrianCoursesIosApp */ = {
			isa = PBXNativeTarget;
			buildConfigurationList = 185AF8EF269A485000F82D6E /* Build configuration list for PBXNativeTarget "HarpreetCambrianCoursesIosApp" */;
			buildPhases = (
				185AF8D7269A484C00F82D6E /* Sources */,
				185AF8D8269A484C00F82D6E /* Frameworks */,
				185AF8D9269A484C00F82D6E /* Resources */,
			);
			buildRules = (
			);
			dependencies = (
			);
			name = HarpreetCambrianCoursesIosApp;
			productName = HarpreetCambrianCoursesIosApp;
			productReference = 185AF8DB269A484C00F82D6E /* HarpreetCambrianCoursesIosApp.app */;
			productType = "com.apple.product-type.application";
		};
/* End PBXNativeTarget section */

/* Begin PBXProject section */
		185AF8D3269A484C00F82D6E /* Project object */ = {
			isa = PBXProject;
			attributes = {
				LastSwiftUpdateCheck = 1250;
				LastUpgradeCheck = 1250;
				TargetAttributes = {
					185AF8DA269A484C00F82D6E = {
						CreatedOnToolsVersion = 12.5;
					};
				};
			};
			buildConfigurationList = 185AF8D6269A484C00F82D6E /* Build configuration list for PBXProject "HarpreetCambrianCoursesIosApp" */;
			compatibilityVersion = "Xcode 9.3";
			developmentRegion = en;
			hasScannedForEncodings = 0;
			knownRegions = (
				en,
				Base,
			);
			mainGroup = 185AF8D2269A484C00F82D6E;
			productRefGroup = 185AF8DC269A484C00F82D6E /* Products */;
			projectDirPath = "";
			projectRoot = "";
			targets = (
				185AF8DA269A484C00F82D6E /* HarpreetCambrianCoursesIosApp */,
			);
		};
/* End PBXProject section */

/* Begin PBXResourcesBuildPhase section */
		185AF8D9269A484C00F82D6E /* Resources */ = {
			isa = PBXResourcesBuildPhase;
			buildActionMask = 2147483647;
			files = (
				185AF8EB269A485000F82D6E /* LaunchScreen.storyboard in Resources */,
				185AF8E8269A485000F82D6E /* Assets.xcassets in Resources */,
				185AF8E6269A484C00F82D6E /* Main.storyboard in Resources */,
			);
			runOnlyForDeploymentPostprocessing = 0;
		};
/* End PBXResourcesBuildPhase section */

/* Begin PBXSourcesBuildPhase section */
		185AF8D7269A484C00F82D6E /* Sources */ = {
			isa = PBXSourcesBuildPhase;
			buildActionMask = 2147483647;
			files = (
				18B5F9EA26C488A000DC989A /* Course.swift in Sources */,
				18B5F9E626C487A100DC989A /* CourseTableViewController.swift in Sources */,
				185AF8E3269A484C00F82D6E /* ViewController.swift in Sources */,
				187D53BE26BC79D50019083B /* adminlogin.swift in Sources */,
				187D53C826BC80120019083B /* StudentHomeViewController.swift in Sources */,
				187D53C026BC79F70019083B /* AdminLoginViewController.swift in Sources */,
				18B5F9E826C487BE00DC989A /* AddCourseViewController.swift in Sources */,
				187D53C226BC7C690019083B /* AdminHomeViewController.swift in Sources */,
				187D53C626BC7FFD0019083B /* StudentLoginViewController.swift in Sources */,
				185AF8DF269A484C00F82D6E /* AppDelegate.swift in Sources */,
				1856CA6026C72D9F00CEBA26 /* AvailableCoursesTableViewController.swift in Sources */,
				185AF8E1269A484C00F82D6E /* SceneDelegate.swift in Sources */,
				187D53C426BC7FCF0019083B /* studentlogin.swift in Sources */,
				18B5F9EC26C488AF00DC989A /* CourseList.swift in Sources */,
			);
			runOnlyForDeploymentPostprocessing = 0;
		};
/* End PBXSourcesBuildPhase section */

/* Begin PBXVariantGroup section */
		185AF8E4269A484C00F82D6E /* Main.storyboard */ = {
			isa = PBXVariantGroup;
			children = (
				185AF8E5269A484C00F82D6E /* Base */,
			);
			name = Main.storyboard;
			sourceTree = "<group>";
		};
		185AF8E9269A485000F82D6E /* LaunchScreen.storyboard */ = {
			isa = PBXVariantGroup;
			children = (
				185AF8EA269A485000F82D6E /* Base */,
			);
			name = LaunchScreen.storyboard;
			sourceTree = "<group>";
		};
/* End PBXVariantGroup section */

/* Begin XCBuildConfiguration section */
		185AF8ED269A485000F82D6E /* Debug */ = {
			isa = XCBuildConfiguration;
			buildSettings = {
				ALWAYS_SEARCH_USER_PATHS = NO;
				CLANG_ANALYZER_NONNULL = YES;
				CLANG_ANALYZER_NUMBER_OBJECT_CONVERSION = YES_AGGRESSIVE;
				CLANG_CXX_LANGUAGE_STANDARD = "gnu++14";
				CLANG_CXX_LIBRARY = "libc++";
				CLANG_ENABLE_MODULES = YES;
				CLANG_ENABLE_OBJC_ARC = YES;
				CLANG_ENABLE_OBJC_WEAK = YES;
				CLANG_WARN_BLOCK_CAPTURE_AUTORELEASING = YES;
				CLANG_WARN_BOOL_CONVERSION = YES;
				CLANG_WARN_COMMA = YES;
				CLANG_WARN_CONSTANT_CONVERSION = YES;
				CLANG_WARN_DEPRECATED_OBJC_IMPLEMENTATIONS = YES;
				CLANG_WARN_DIRECT_OBJC_ISA_USAGE = YES_ERROR;
				CLANG_WARN_DOCUMENTATION_COMMENTS = YES;
				CLANG_WARN_EMPTY_BODY = YES;
				CLANG_WARN_ENUM_CONVERSION = YES;
				CLANG_WARN_INFINITE_RECURSION = YES;
				CLANG_WARN_INT_CONVERSION = YES;
				CLANG_WARN_NON_LITERAL_NULL_CONVERSION = YES;
				CLANG_WARN_OBJC_IMPLICIT_RETAIN_SELF = YES;
				CLANG_WARN_OBJC_LITERAL_CONVERSION = YES;
				CLANG_WARN_OBJC_ROOT_CLASS = YES_ERROR;
				CLANG_WARN_QUOTED_INCLUDE_IN_FRAMEWORK_HEADER = YES;
				CLANG_WARN_RANGE_LOOP_ANALYSIS = YES;
				CLANG_WARN_STRICT_PROTOTYPES = YES;
				CLANG_WARN_SUSPICIOUS_MOVE = YES;
				CLANG_WARN_UNGUARDED_AVAILABILITY = YES_AGGRESSIVE;
				CLANG_WARN_UNREACHABLE_CODE = YES;
				CLANG_WARN__DUPLICATE_METHOD_MATCH = YES;
				COPY_PHASE_STRIP = NO;
				DEBUG_INFORMATION_FORMAT = dwarf;
				ENABLE_STRICT_OBJC_MSGSEND = YES;
				ENABLE_TESTABILITY = YES;
				GCC_C_LANGUAGE_STANDARD = gnu11;
				GCC_DYNAMIC_NO_PIC = NO;
				GCC_NO_COMMON_BLOCKS = YES;
				GCC_OPTIMIZATION_LEVEL = 0;
				GCC_PREPROCESSOR_DEFINITIONS = (
					"DEBUG=1",
					"$(inherited)",
				);
				GCC_WARN_64_TO_32_BIT_CONVERSION = YES;
				GCC_WARN_ABOUT_RETURN_TYPE = YES_ERROR;
				GCC_WARN_UNDECLARED_SELECTOR = YES;
				GCC_WARN_UNINITIALIZED_AUTOS = YES_AGGRESSIVE;
				GCC_WARN_UNUSED_FUNCTION = YES;
				GCC_WARN_UNUSED_VARIABLE = YES;
				IPHONEOS_DEPLOYMENT_TARGET = 14.5;
				MTL_ENABLE_DEBUG_INFO = INCLUDE_SOURCE;
				MTL_FAST_MATH = YES;
				ONLY_ACTIVE_ARCH = YES;
				SDKROOT = iphoneos;
				SWIFT_ACTIVE_COMPILATION_CONDITIONS = DEBUG;
				SWIFT_OPTIMIZATION_LEVEL = "-Onone";
			};
			name = Debug;
		};
		185AF8EE269A485000F82D6E /* Release */ = {
			isa = XCBuildConfiguration;
			buildSettings = {
				ALWAYS_SEARCH_USER_PATHS = NO;
				CLANG_ANALYZER_NONNULL = YES;
				CLANG_ANALYZER_NUMBER_OBJECT_CONVERSION = YES_AGGRESSIVE;
				CLANG_CXX_LANGUAGE_STANDARD = "gnu++14";
				CLANG_CXX_LIBRARY = "libc++";
				CLANG_ENABLE_MODULES = YES;
				CLANG_ENABLE_OBJC_ARC = YES;
				CLANG_ENABLE_OBJC_WEAK = YES;
				CLANG_WARN_BLOCK_CAPTURE_AUTORELEASING = YES;
				CLANG_WARN_BOOL_CONVERSION = YES;
				CLANG_WARN_COMMA = YES;
				CLANG_WARN_CONSTANT_CONVERSION = YES;
				CLANG_WARN_DEPRECATED_OBJC_IMPLEMENTATIONS = YES;
				CLANG_WARN_DIRECT_OBJC_ISA_USAGE = YES_ERROR;
				CLANG_WARN_DOCUMENTATION_COMMENTS = YES;
				CLANG_WARN_EMPTY_BODY = YES;
				CLANG_WARN_ENUM_CONVERSION = YES;
				CLANG_WARN_INFINITE_RECURSION = YES;
				CLANG_WARN_INT_CONVERSION = YES;
				CLANG_WARN_NON_LITERAL_NULL_CONVERSION = YES;
				CLANG_WARN_OBJC_IMPLICIT_RETAIN_SELF = YES;
				CLANG_WARN_OBJC_LITERAL_CONVERSION = YES;
				CLANG_WARN_OBJC_ROOT_CLASS = YES_ERROR;
				CLANG_WARN_QUOTED_INCLUDE_IN_FRAMEWORK_HEADER = YES;
				CLANG_WARN_RANGE_LOOP_ANALYSIS = YES;
				CLANG_WARN_STRICT_PROTOTYPES = YES;
				CLANG_WARN_SUSPICIOUS_MOVE = YES;
				CLANG_WARN_UNGUARDED_AVAILABILITY = YES_AGGRESSIVE;
				CLANG_WARN_UNREACHABLE_CODE = YES;
				CLANG_WARN__DUPLICATE_METHOD_MATCH = YES;
				COPY_PHASE_STRIP = NO;
				DEBUG_INFORMATION_FORMAT = "dwarf-with-dsym";
				ENABLE_NS_ASSERTIONS = NO;
				ENABLE_STRICT_OBJC_MSGSEND = YES;
				GCC_C_LANGUAGE_STANDARD = gnu11;
				GCC_NO_COMMON_BLOCKS = YES;
				GCC_WARN_64_TO_32_BIT_CONVERSION = YES;
				GCC_WARN_ABOUT_RETURN_TYPE = YES_ERROR;
				GCC_WARN_UNDECLARED_SELECTOR = YES;
				GCC_WARN_UNINITIALIZED_AUTOS = YES_AGGRESSIVE;
				GCC_WARN_UNUSED_FUNCTION = YES;
				GCC_WARN_UNUSED_VARIABLE = YES;
				IPHONEOS_DEPLOYMENT_TARGET = 14.5;
				MTL_ENABLE_DEBUG_INFO = NO;
				MTL_FAST_MATH = YES;
				SDKROOT = iphoneos;
				SWIFT_COMPILATION_MODE = wholemodule;
				SWIFT_OPTIMIZATION_LEVEL = "-O";
				VALIDATE_PRODUCT = YES;
			};
			name = Release;
		};
		185AF8F0269A485000F82D6E /* Debug */ = {
			isa = XCBuildConfiguration;
			buildSettings = {
				ASSETCATALOG_COMPILER_APPICON_NAME = AppIcon;
				ASSETCATALOG_COMPILER_GLOBAL_ACCENT_COLOR_NAME = AccentColor;
				CODE_SIGN_STYLE = Automatic;
				INFOPLIST_FILE = HarpreetCambrianCoursesIosApp/Info.plist;
				LD_RUNPATH_SEARCH_PATHS = (
					"$(inherited)",
					"@executable_path/Frameworks",
				);
				PRODUCT_BUNDLE_IDENTIFIER = "A00230757-harpreet-singh.HarpreetCambrianCoursesIosApp";
				PRODUCT_NAME = "$(TARGET_NAME)";
				SWIFT_VERSION = 5.0;
				TARGETED_DEVICE_FAMILY = "1,2";
			};
			name = Debug;
		};
		185AF8F1269A485000F82D6E /* Release */ = {
			isa = XCBuildConfiguration;
			buildSettings = {
				ASSETCATALOG_COMPILER_APPICON_NAME = AppIcon;
				ASSETCATALOG_COMPILER_GLOBAL_ACCENT_COLOR_NAME = AccentColor;
				CODE_SIGN_STYLE = Automatic;
				INFOPLIST_FILE = HarpreetCambrianCoursesIosApp/Info.plist;
				LD_RUNPATH_SEARCH_PATHS = (
					"$(inherited)",
					"@executable_path/Frameworks",
				);
				PRODUCT_BUNDLE_IDENTIFIER = "A00230757-harpreet-singh.HarpreetCambrianCoursesIosApp";
				PRODUCT_NAME = "$(TARGET_NAME)";
				SWIFT_VERSION = 5.0;
				TARGETED_DEVICE_FAMILY = "1,2";
			};
			name = Release;
		};
/* End XCBuildConfiguration section */

/* Begin XCConfigurationList section */
		185AF8D6269A484C00F82D6E /* Build configuration list for PBXProject "HarpreetCambrianCoursesIosApp" */ = {
			isa = XCConfigurationList;
			buildConfigurations = (
				185AF8ED269A485000F82D6E /* Debug */,
				185AF8EE269A485000F82D6E /* Release */,
			);
			defaultConfigurationIsVisible = 0;
			defaultConfigurationName = Release;
		};
		185AF8EF269A485000F82D6E /* Build configuration list for PBXNativeTarget "HarpreetCambrianCoursesIosApp" */ = {
			isa = XCConfigurationList;
			buildConfigurations = (
				185AF8F0269A485000F82D6E /* Debug */,
				185AF8F1269A485000F82D6E /* Release */,
			);
			defaultConfigurationIsVisible = 0;
			defaultConfigurationName = Release;
		};
/* End XCConfigurationList section */
	};
	rootObject = 185AF8D3269A484C00F82D6E /* Project object */;
}
